
Microsoft Visual Studio Solution File, Format Version 12.00
# Visual Studio Version 16
VisualStudioVersion = 16.0.33027.164
MinimumVisualStudioVersion = 10.0.40219.1
Project("{2150E333-8FDC-42A3-9474-1A3956D46DE8}") = "App", "App", "{DCDFCB05-3D3B-4876-8B11-AC8086D599A7}"
EndProject
Project("{FAE04EC0-301F-11D3-BF4B-00C04F79EFBC}") = "IGMigratingXamarinFormsToNetMauiAssistant.App.Android", "IGMigratingXamarinFormsToNetMauiAssistant.App\IGMigratingXamarinFormsToNetMauiAssistant.App.Android\IGMigratingXamarinFormsToNetMauiAssistant.App.Android.csproj", "{875C204D-9BD0-4B4D-A4CA-864E3FCD44BB}"
EndProject
Project("{FAE04EC0-301F-11D3-BF4B-00C04F79EFBC}") = "IGMigratingXamarinFormsToNetMauiAssistant.App.iOS", "IGMigratingXamarinFormsToNetMauiAssistant.App\IGMigratingXamarinFormsToNetMauiAssistant.App.iOS\IGMigratingXamarinFormsToNetMauiAssistant.App.iOS.csproj", "{4C6C9496-F9BE-4E72-BAB1-B57E67FFB93C}"
EndProject
Project("{FAE04EC0-301F-11D3-BF4B-00C04F79EFBC}") = "IGMigratingXamarinFormsToNetMauiAssistant.App", "IGMigratingXamarinFormsToNetMauiAssistant.App\IGMigratingXamarinFormsToNetMauiAssistant.App\IGMigratingXamarinFormsToNetMauiAssistant.App.csproj", "{40EA06D6-3274-435B-8305-11159BCB2E97}"
EndProject
Global
	GlobalSection(SolutionConfigurationPlatforms) = preSolution
		Debug|Any CPU = Debug|Any CPU
		Debug|iPhone = Debug|iPhone
		Debug|iPhoneSimulator = Debug|iPhoneSimulator
		Release|Any CPU = Release|Any CPU
		Release|iPhone = Release|iPhone
		Release|iPhoneSimulator = Release|iPhoneSimulator
	EndGlobalSection
	GlobalSection(ProjectConfigurationPlatforms) = postSolution
		{875C204D-9BD0-4B4D-A4CA-864E3FCD44BB}.Debug|Any CPU.ActiveCfg = Debug|Any CPU
		{875C204D-9BD0-4B4D-A4CA-864E3FCD44BB}.Debug|Any CPU.Build.0 = Debug|Any CPU
		{875C204D-9BD0-4B4D-A4CA-864E3FCD44BB}.Debug|Any CPU.Deploy.0 = Debug|Any CPU
		{875C204D-9BD0-4B4D-A4CA-864E3FCD44BB}.Debug|iPhone.ActiveCfg = Debug|Any CPU
		{875C204D-9BD0-4B4D-A4CA-864E3FCD44BB}.Debug|iPhone.Build.0 = Debug|Any CPU
		{875C204D-9BD0-4B4D-A4CA-864E3FCD44BB}.Debug|iPhone.Deploy.0 = Debug|Any CPU
		{875C204D-9BD0-4B4D-A4CA-864E3FCD44BB}.Debug|iPhoneSimulator.ActiveCfg = Debug|Any CPU
		{875C204D-9BD0-4B4D-A4CA-864E3FCD44BB}.Debug|iPhoneSimulator.Build.0 = Debug|Any CPU
		{875C204D-9BD0-4B4D-A4CA-864E3FCD44BB}.Debug|iPhoneSimulator.Deploy.0 = Debug|Any CPU
		{875C204D-9BD0-4B4D-A4CA-864E3FCD44BB}.Release|Any CPU.ActiveCfg = Release|Any CPU
		{875C204D-9BD0-4B4D-A4CA-864E3FCD44BB}.Release|Any CPU.Build.0 = Release|Any CPU
		{875C204D-9BD0-4B4D-A4CA-864E3FCD44BB}.Release|Any CPU.Deploy.0 = Release|Any CPU
		{875C204D-9BD0-4B4D-A4CA-864E3FCD44BB}.Release|iPhone.ActiveCfg = Release|Any CPU
		{875C204D-9BD0-4B4D-A4CA-864E3FCD44BB}.Release|iPhone.Build.0 = Release|Any CPU
		{875C204D-9BD0-4B4D-A4CA-864E3FCD44BB}.Release|iPhone.Deploy.0 = Release|Any CPU
		{875C204D-9BD0-4B4D-A4CA-864E3FCD44BB}.Release|iPhoneSimulator.ActiveCfg = Release|Any CPU
		{875C204D-9BD0-4B4D-A4CA-864E3FCD44BB}.Release|iPhoneSimulator.Build.0 = Release|Any CPU
		{875C204D-9BD0-4B4D-A4CA-864E3FCD44BB}.Release|iPhoneSimulator.Deploy.0 = Release|Any CPU
		{4C6C9496-F9BE-4E72-BAB1-B57E67FFB93C}.Debug|Any CPU.ActiveCfg = Debug|iPhoneSimulator
		{4C6C9496-F9BE-4E72-BAB1-B57E67FFB93C}.Debug|iPhone.ActiveCfg = Debug|iPhone
		{4C6C9496-F9BE-4E72-BAB1-B57E67FFB93C}.Debug|iPhone.Build.0 = Debug|iPhone
		{4C6C9496-F9BE-4E72-BAB1-B57E67FFB93C}.Debug|iPhoneSimulator.ActiveCfg = Debug|iPhoneSimulator
		{4C6C9496-F9BE-4E72-BAB1-B57E67FFB93C}.Debug|iPhoneSimulator.Build.0 = Debug|iPhoneSimulator
		{4C6C9496-F9BE-4E72-BAB1-B57E67FFB93C}.Release|Any CPU.ActiveCfg = Release|iPhoneSimulator
		{4C6C9496-F9BE-4E72-BAB1-B57E67FFB93C}.Release|iPhone.ActiveCfg = Release|iPhone
		{4C6C9496-F9BE-4E72-BAB1-B57E67FFB93C}.Release|iPhone.Build.0 = Release|iPhone
		{4C6C9496-F9BE-4E72-BAB1-B57E67FFB93C}.Release|iPhoneSimulator.ActiveCfg = Release|iPhoneSimulator
		{4C6C9496-F9BE-4E72-BAB1-B57E67FFB93C}.Release|iPhoneSimulator.Build.0 = Release|iPhoneSimulator
		{40EA06D6-3274-435B-8305-11159BCB2E97}.Debug|Any CPU.ActiveCfg = Debug|Any CPU
		{40EA06D6-3274-435B-8305-11159BCB2E97}.Debug|Any CPU.Build.0 = Debug|Any CPU
		{40EA06D6-3274-435B-8305-11159BCB2E97}.Debug|iPhone.ActiveCfg = Debug|Any CPU
		{40EA06D6-3274-435B-8305-11159BCB2E97}.Debug|iPhone.Build.0 = Debug|Any CPU
		{40EA06D6-3274-435B-8305-11159BCB2E97}.Debug|iPhoneSimulator.ActiveCfg = Debug|Any CPU
		{40EA06D6-3274-435B-8305-11159BCB2E97}.Debug|iPhoneSimulator.Build.0 = Debug|Any CPU
		{40EA06D6-3274-435B-8305-11159BCB2E97}.Release|Any CPU.ActiveCfg = Release|Any CPU
		{40EA06D6-3274-435B-8305-11159BCB2E97}.Release|Any CPU.Build.0 = Release|Any CPU
		{40EA06D6-3274-435B-8305-11159BCB2E97}.Release|iPhone.ActiveCfg = Release|Any CPU
		{40EA06D6-3274-435B-8305-11159BCB2E97}.Release|iPhone.Build.0 = Release|Any CPU
		{40EA06D6-3274-435B-8305-11159BCB2E97}.Release|iPhoneSimulator.ActiveCfg = Release|Any CPU
		{40EA06D6-3274-435B-8305-11159BCB2E97}.Release|iPhoneSimulator.Build.0 = Release|Any CPU
	EndGlobalSection
	GlobalSection(SolutionProperties) = preSolution
		HideSolutionNode = FALSE
	EndGlobalSection
	GlobalSection(NestedProjects) = preSolution
		{875C204D-9BD0-4B4D-A4CA-864E3FCD44BB} = {DCDFCB05-3D3B-4876-8B11-AC8086D599A7}
		{4C6C9496-F9BE-4E72-BAB1-B57E67FFB93C} = {DCDFCB05-3D3B-4876-8B11-AC8086D599A7}
		{40EA06D6-3274-435B-8305-11159BCB2E97} = {DCDFCB05-3D3B-4876-8B11-AC8086D599A7}
	EndGlobalSection
	GlobalSection(ExtensibilityGlobals) = postSolution
		SolutionGuid = {9F2D59D9-9DD6-44CD-9E61-E04B516049FB}
	EndGlobalSection
EndGlobal
